
Microsoft Visual Studio Solution File, Format Version 12.00
# Visual Studio Version 17
VisualStudioVersion = 17.5.33516.290
MinimumVisualStudioVersion = 10.0.40219.1
Project("{9A19103F-16F7-4668-BE54-9A1E7A4F7556}") = "Q1_Sample_PE", "Q1_Sample_PE\Q1_Sample_PE.csproj", "{81C86902-BC24-4812-9D92-5DCEBDFD5BCB}"
EndProject
Project("{9A19103F-16F7-4668-BE54-9A1E7A4F7556}") = "DemoDelegate_Anonymous_Ex", "DemoDelegate_Anonymous_Ex\DemoDelegate_Anonymous_Ex.csproj", "{356CB8FA-BBE2-465D-9A39-3FBD2D0935B3}"
EndProject
Project("{9A19103F-16F7-4668-BE54-9A1E7A4F7556}") = "Lab1", "Lab1\Lab1.csproj", "{540B5B17-ED83-4950-B265-777AD70469C2}"
EndProject
Project("{9A19103F-16F7-4668-BE54-9A1E7A4F7556}") = "Extension_LinQ", "Extension_LInQ\Extension_LinQ.csproj", "{E13A9A75-D1D4-4D11-AF28-EA6F6AB7DAC5}"
EndProject
Project("{9A19103F-16F7-4668-BE54-9A1E7A4F7556}") = "Lab1_1", "Lab1_1\Lab1_1.csproj", "{A2633A25-12D0-4DD4-AA39-F08B1FB925C4}"
EndProject
Project("{9A19103F-16F7-4668-BE54-9A1E7A4F7556}") = "FirstWindowsForm", "FirstWindowsForm\FirstWindowsForm.csproj", "{E281A8D4-C7F5-4397-A54B-E4D1DA79D5CD}"
EndProject
Project("{9A19103F-16F7-4668-BE54-9A1E7A4F7556}") = "DemoADOModels", "DemoADOModels\DemoADOModels.csproj", "{97652CC0-82E1-4EAE-ACF3-217BB6D9BF96}"
EndProject
Project("{9A19103F-16F7-4668-BE54-9A1E7A4F7556}") = "Assignment1", "Assignment1\Assignment1.csproj", "{A0A340F5-D0F7-43BA-96FF-7270A4FB27B0}"
EndProject
Project("{9A19103F-16F7-4668-BE54-9A1E7A4F7556}") = "Assignment2", "Assignment2\Assignment2.csproj", "{367DF971-AD7F-4FC6-AE33-AA7D51C219E7}"
EndProject
Project("{9A19103F-16F7-4668-BE54-9A1E7A4F7556}") = "Lab2", "Lab2\Lab2.csproj", "{E4DFC76E-4DEB-406E-A1FB-E54D3224B070}"
EndProject
Project("{9A19103F-16F7-4668-BE54-9A1E7A4F7556}") = "DemoEntityFramework", "DemoEntityFramework\DemoEntityFramework.csproj", "{DF28558B-EC5E-43ED-B658-0F3E84476DC6}"
EndProject
Project("{9A19103F-16F7-4668-BE54-9A1E7A4F7556}") = "DemoASPWithEntityFramework", "DemoASPWithEntityFramework\DemoASPWithEntityFramework.csproj", "{67697DC4-5B66-4978-87B2-2D30817E4508}"
EndProject
Project("{9A19103F-16F7-4668-BE54-9A1E7A4F7556}") = "SampleASP", "SampleASP\SampleASP.csproj", "{2D990114-9E9D-4842-A98E-129A173AAF94}"
EndProject
Project("{9A19103F-16F7-4668-BE54-9A1E7A4F7556}") = "Q1_XXXX", "..\..\SamplePE\PE_PRN211_FA21_Trial\PaperNo_1\All\PE_PRN211_Trial_Student\Q1\Q1_XXXX.csproj", "{C8D4281B-8291-4ACD-A6AE-42508EA88C8F}"
EndProject
Project("{9A19103F-16F7-4668-BE54-9A1E7A4F7556}") = "Q1_P3", "Q1_P3\Q1_P3.csproj", "{C49D44AB-AC0E-4507-9279-013E4F578AE0}"
EndProject
Project("{9A19103F-16F7-4668-BE54-9A1E7A4F7556}") = "Q2_P3", "Q_P3\Q2_P3.csproj", "{2752987B-1300-4CC6-87A7-28B5129C13DE}"
EndProject
Project("{9A19103F-16F7-4668-BE54-9A1E7A4F7556}") = "Lab3", "Lab3\Lab3.csproj", "{55F04FE2-094E-4DD6-B3EC-24D1B2C059EB}"
EndProject
Project("{9A19103F-16F7-4668-BE54-9A1E7A4F7556}") = "Q1_Sample_PE_21", "..\..\Block5\ProjectSample\PE_PRN211_Trial\Given\PE_PRN211_Trial_Student\Q1\Q1_Sample_PE_21.csproj", "{BFCF0C49-47FD-4034-8B63-1210B9B451D5}"
EndProject
Project("{9A19103F-16F7-4668-BE54-9A1E7A4F7556}") = "Q1_PE_Fall21B5", "Q1_PE_Fall21B5\Q1_PE_Fall21B5.csproj", "{A9B5B8C4-AFE0-435E-8726-5C1B402DDE99}"
EndProject
Project("{9A19103F-16F7-4668-BE54-9A1E7A4F7556}") = "Q2_PE_Fall21B5", "..\..\SamplePE\PE_DEMO\PRN211_Given\Q2\Q2_PE_Fall21B5.csproj", "{985B34E5-AE54-4AF6-BE7E-EA573C53EABB}"
EndProject
Project("{9A19103F-16F7-4668-BE54-9A1E7A4F7556}") = "Q3_PE_Fall21B5", "..\..\SamplePE\PE_DEMO\PRN211_Given\Q3\Q3_PE_Fall21B5.csproj", "{68AC654B-BEFE-4072-BFDC-786F0DB69B32}"
EndProject
Project("{9A19103F-16F7-4668-BE54-9A1E7A4F7556}") = "Q1_Fall22", "Q1_Fall22\Q1_Fall22.csproj", "{25F4D7BA-3EE8-4961-9D03-50EB5173DD1B}"
EndProject
Project("{9A19103F-16F7-4668-BE54-9A1E7A4F7556}") = "Q2_Fall22", "Q2_Fall22\Q2_Fall22.csproj", "{4510C297-7208-4B67-8DBF-EEF0BD92AA6D}"
EndProject
Project("{9A19103F-16F7-4668-BE54-9A1E7A4F7556}") = "Q1_Spring23", "Q1_Spring23\Q1_Spring23.csproj", "{0971BACA-7D86-4593-B4C6-00CF1F8F95D5}"
EndProject
Project("{9A19103F-16F7-4668-BE54-9A1E7A4F7556}") = "Q2_Spring23", "Q2_Spring23\Q2_Spring23.csproj", "{8DC91896-71D8-4509-A629-1BC80C51F03F}"
EndProject
Project("{9A19103F-16F7-4668-BE54-9A1E7A4F7556}") = "Q3_Spring23", "Q3_Spring23\Q3_Spring23.csproj", "{4985DA3D-7B6C-4048-A36F-0B1028482EAE}"
EndProject
Project("{9A19103F-16F7-4668-BE54-9A1E7A4F7556}") = "Q1_Spring23B5", "Q1_Sprin23B5\Q1_Spring23B5.csproj", "{1C808839-355A-4639-9C9C-9433348952C5}"
EndProject
Project("{9A19103F-16F7-4668-BE54-9A1E7A4F7556}") = "Q3_Spring23B5", "Q3_Spring23B5\Q3_Spring23B5.csproj", "{80D0423B-C7F4-49CD-AB82-1990958BD64D}"
EndProject
Project("{9A19103F-16F7-4668-BE54-9A1E7A4F7556}") = "Q2_Sample_By_Son", "Q2_Sample_By_Son\Q2_Sample_By_Son.csproj", "{360E5391-6EAA-4985-9419-744BFE587817}"
EndProject
Project("{9A19103F-16F7-4668-BE54-9A1E7A4F7556}") = "Sample_FE_SU23", "Sample_FE_SU23\Sample_FE_SU23.csproj", "{D465A97C-F63D-41D3-B12B-DEF1932A76B9}"
EndProject
Project("{9A19103F-16F7-4668-BE54-9A1E7A4F7556}") = "Q2_SamplePE_bySon_Version2", "Q2_SamplePE_bySon_Version2\Q2_SamplePE_bySon_Version2.csproj", "{BF2100C2-DE95-4AB2-AC1C-1103A3ECF52C}"
EndProject
Project("{9A19103F-16F7-4668-BE54-9A1E7A4F7556}") = "Q3_SamplePE_BySon_Version2", "Q3_SamplePE_BySon_Version2\Q3_SamplePE_BySon_Version2.csproj", "{80704DC7-5E80-49D8-98DC-79BC1C776EDA}"
EndProject
Project("{9A19103F-16F7-4668-BE54-9A1E7A4F7556}") = "Lab2_prn211", "..\..\Block5\Project\prn211\Lab2\Lab2_prn211.csproj", "{E18D4B06-43C0-4393-9C4F-BD317728BE7C}"
EndProject
Project("{9A19103F-16F7-4668-BE54-9A1E7A4F7556}") = "Lab1_prn211", "..\..\Block5\Project\prn211\Lab1\Lab1_prn211.csproj", "{7DA17D12-01A4-4860-9CAA-DC83674DFA27}"
EndProject
Project("{9A19103F-16F7-4668-BE54-9A1E7A4F7556}") = "DemoPagingAndCart", "..\..\Block5\Project\prn211\DemoPagingAndCart\DemoPagingAndCart.csproj", "{0AFAA2F5-FCD4-4CCF-8AEA-7DA1B0849562}"
EndProject
Project("{9A19103F-16F7-4668-BE54-9A1E7A4F7556}") = "DemoMVCUsingEntityFramework", "..\..\Block5\Project\prn211\DemoMVCUsingEntityFramework\DemoMVCUsingEntityFramework.csproj", "{7E23665A-1A02-46DB-9ABC-E9FA1D8862E6}"
EndProject
Project("{9A19103F-16F7-4668-BE54-9A1E7A4F7556}") = "Exercise3", "..\..\Block5\Project\prn211\Excersise3\Exercise3.csproj", "{92333B43-AEE5-42E8-827D-7912CFE968AA}"
EndProject
Project("{9A19103F-16F7-4668-BE54-9A1E7A4F7556}") = "Exercise1", "..\..\Block5\Project\prn211\Exercise1\Exercise1.csproj", "{6DC28611-FF5E-4C51-852A-19F841E8CCC1}"
EndProject
Project("{9A19103F-16F7-4668-BE54-9A1E7A4F7556}") = "Exercise2", "..\..\Block5\Project\prn211\Exercise2\Exercise2.csproj", "{3535B05B-68FE-47C7-90BC-103B7F0DA7AB}"
EndProject
Project("{9A19103F-16F7-4668-BE54-9A1E7A4F7556}") = "Exercise4", "..\..\Block5\Project\prn211\Exercise4\Exercise4.csproj", "{0E771D73-C4FA-4F42-82CC-A3B84557FF54}"
EndProject
Project("{9A19103F-16F7-4668-BE54-9A1E7A4F7556}") = "Exercise5", "..\..\Block5\Project\prn211\Exercise5\Exercise5.csproj", "{C5BE5A22-5711-4DE3-BFAD-F78E77C8D220}"
EndProject
Project("{9A19103F-16F7-4668-BE54-9A1E7A4F7556}") = "Exercise6", "..\..\Block5\Project\prn211\Exercise6\Exercise6.csproj", "{915523DE-1F9F-4E99-80C6-ECC0C2AED322}"
EndProject
Project("{9A19103F-16F7-4668-BE54-9A1E7A4F7556}") = "Exercise7", "..\..\Block5\Project\prn211\Exercise7\Exercise7.csproj", "{F617DB5F-D84E-4D1F-B3E3-509ED2B2D62A}"
EndProject
Project("{9A19103F-16F7-4668-BE54-9A1E7A4F7556}") = "Exercise8", "..\..\Block5\Project\prn211\Exercise8\Exercise8.csproj", "{3ADD11D9-32F2-4DBB-BD4A-A3FBFC17860A}"
EndProject
Project("{9A19103F-16F7-4668-BE54-9A1E7A4F7556}") = "Q1_SamplePE_Fall21B5", "Q1_SamplePE_Fall21B5\Q1_SamplePE_Fall21B5.csproj", "{D77103BE-D3B3-495E-988E-52236BED6D47}"
EndProject
Project("{9A19103F-16F7-4668-BE54-9A1E7A4F7556}") = "Q2_SamplePE_Fall21B5", "Q2_SamplePE_Fall21B5\Q2_SamplePE_Fall21B5.csproj", "{B2F22FA6-E3CD-4CAA-B9D3-E4D50C5404B9}"
EndProject
Project("{9A19103F-16F7-4668-BE54-9A1E7A4F7556}") = "Q3_SamplePE_Fall21B5", "Q3_SamplePE_Fall21B5\Q3_SamplePE_Fall21B5.csproj", "{2B99E61E-F004-4602-B776-8AE142309B79}"
EndProject
Project("{9A19103F-16F7-4668-BE54-9A1E7A4F7556}") = "Q1_Su22B5", "Q1_Su22B5\Q1_Su22B5.csproj", "{BDC4E377-A415-43E3-8F41-0AA146B37E24}"
EndProject
Project("{9A19103F-16F7-4668-BE54-9A1E7A4F7556}") = "Q1_Su22", "Q1_Su22\Q1_Su22.csproj", "{7E12FF57-80EF-47D1-96CE-7B997B728989}"
EndProject
Project("{9A19103F-16F7-4668-BE54-9A1E7A4F7556}") = "Q2_Su22", "Q2_Su22\Q2_Su22.csproj", "{A5895A2C-ABDB-4546-82C4-7007FBC42792}"
EndProject
Project("{FAE04EC0-301F-11D3-BF4B-00C04F79EFBC}") = "Q1_SamplePE_BySon_Verson2", "Q1_SamplePE_BySon_Verson2\Q1_SamplePE_BySon_Verson2.csproj", "{A2E3A90D-0111-4952-9038-1E263B9BFD90}"
EndProject
Global
	GlobalSection(SolutionConfigurationPlatforms) = preSolution
		Debug|Any CPU = Debug|Any CPU
		Release|Any CPU = Release|Any CPU
	EndGlobalSection
	GlobalSection(ProjectConfigurationPlatforms) = postSolution
		{81C86902-BC24-4812-9D92-5DCEBDFD5BCB}.Debug|Any CPU.ActiveCfg = Debug|Any CPU
		{81C86902-BC24-4812-9D92-5DCEBDFD5BCB}.Debug|Any CPU.Build.0 = Debug|Any CPU
		{81C86902-BC24-4812-9D92-5DCEBDFD5BCB}.Release|Any CPU.ActiveCfg = Release|Any CPU
		{81C86902-BC24-4812-9D92-5DCEBDFD5BCB}.Release|Any CPU.Build.0 = Release|Any CPU
		{356CB8FA-BBE2-465D-9A39-3FBD2D0935B3}.Debug|Any CPU.ActiveCfg = Debug|Any CPU
		{356CB8FA-BBE2-465D-9A39-3FBD2D0935B3}.Debug|Any CPU.Build.0 = Debug|Any CPU
		{356CB8FA-BBE2-465D-9A39-3FBD2D0935B3}.Release|Any CPU.ActiveCfg = Release|Any CPU
		{356CB8FA-BBE2-465D-9A39-3FBD2D0935B3}.Release|Any CPU.Build.0 = Release|Any CPU
		{540B5B17-ED83-4950-B265-777AD70469C2}.Debug|Any CPU.ActiveCfg = Debug|Any CPU
		{540B5B17-ED83-4950-B265-777AD70469C2}.Debug|Any CPU.Build.0 = Debug|Any CPU
		{540B5B17-ED83-4950-B265-777AD70469C2}.Release|Any CPU.ActiveCfg = Release|Any CPU
		{540B5B17-ED83-4950-B265-777AD70469C2}.Release|Any CPU.Build.0 = Release|Any CPU
		{E13A9A75-D1D4-4D11-AF28-EA6F6AB7DAC5}.Debug|Any CPU.ActiveCfg = Debug|Any CPU
		{E13A9A75-D1D4-4D11-AF28-EA6F6AB7DAC5}.Debug|Any CPU.Build.0 = Debug|Any CPU
		{E13A9A75-D1D4-4D11-AF28-EA6F6AB7DAC5}.Release|Any CPU.ActiveCfg = Release|Any CPU
		{E13A9A75-D1D4-4D11-AF28-EA6F6AB7DAC5}.Release|Any CPU.Build.0 = Release|Any CPU
		{A2633A25-12D0-4DD4-AA39-F08B1FB925C4}.Debug|Any CPU.ActiveCfg = Debug|Any CPU
		{A2633A25-12D0-4DD4-AA39-F08B1FB925C4}.Debug|Any CPU.Build.0 = Debug|Any CPU
		{A2633A25-12D0-4DD4-AA39-F08B1FB925C4}.Release|Any CPU.ActiveCfg = Release|Any CPU
		{A2633A25-12D0-4DD4-AA39-F08B1FB925C4}.Release|Any CPU.Build.0 = Release|Any CPU
		{E281A8D4-C7F5-4397-A54B-E4D1DA79D5CD}.Debug|Any CPU.ActiveCfg = Debug|Any CPU
		{E281A8D4-C7F5-4397-A54B-E4D1DA79D5CD}.Debug|Any CPU.Build.0 = Debug|Any CPU
		{E281A8D4-C7F5-4397-A54B-E4D1DA79D5CD}.Release|Any CPU.ActiveCfg = Release|Any CPU
		{E281A8D4-C7F5-4397-A54B-E4D1DA79D5CD}.Release|Any CPU.Build.0 = Release|Any CPU
		{97652CC0-82E1-4EAE-ACF3-217BB6D9BF96}.Debug|Any CPU.ActiveCfg = Debug|Any CPU
		{97652CC0-82E1-4EAE-ACF3-217BB6D9BF96}.Debug|Any CPU.Build.0 = Debug|Any CPU
		{97652CC0-82E1-4EAE-ACF3-217BB6D9BF96}.Release|Any CPU.ActiveCfg = Release|Any CPU
		{97652CC0-82E1-4EAE-ACF3-217BB6D9BF96}.Release|Any CPU.Build.0 = Release|Any CPU
		{A0A340F5-D0F7-43BA-96FF-7270A4FB27B0}.Debug|Any CPU.ActiveCfg = Debug|Any CPU
		{A0A340F5-D0F7-43BA-96FF-7270A4FB27B0}.Debug|Any CPU.Build.0 = Debug|Any CPU
		{A0A340F5-D0F7-43BA-96FF-7270A4FB27B0}.Release|Any CPU.ActiveCfg = Release|Any CPU
		{A0A340F5-D0F7-43BA-96FF-7270A4FB27B0}.Release|Any CPU.Build.0 = Release|Any CPU
		{367DF971-AD7F-4FC6-AE33-AA7D51C219E7}.Debug|Any CPU.ActiveCfg = Debug|Any CPU
		{367DF971-AD7F-4FC6-AE33-AA7D51C219E7}.Debug|Any CPU.Build.0 = Debug|Any CPU
		{367DF971-AD7F-4FC6-AE33-AA7D51C219E7}.Release|Any CPU.ActiveCfg = Release|Any CPU
		{367DF971-AD7F-4FC6-AE33-AA7D51C219E7}.Release|Any CPU.Build.0 = Release|Any CPU
		{E4DFC76E-4DEB-406E-A1FB-E54D3224B070}.Debug|Any CPU.ActiveCfg = Debug|Any CPU
		{E4DFC76E-4DEB-406E-A1FB-E54D3224B070}.Debug|Any CPU.Build.0 = Debug|Any CPU
		{E4DFC76E-4DEB-406E-A1FB-E54D3224B070}.Release|Any CPU.ActiveCfg = Release|Any CPU
		{E4DFC76E-4DEB-406E-A1FB-E54D3224B070}.Release|Any CPU.Build.0 = Release|Any CPU
		{DF28558B-EC5E-43ED-B658-0F3E84476DC6}.Debug|Any CPU.ActiveCfg = Debug|Any CPU
		{DF28558B-EC5E-43ED-B658-0F3E84476DC6}.Debug|Any CPU.Build.0 = Debug|Any CPU
		{DF28558B-EC5E-43ED-B658-0F3E84476DC6}.Release|Any CPU.ActiveCfg = Release|Any CPU
		{DF28558B-EC5E-43ED-B658-0F3E84476DC6}.Release|Any CPU.Build.0 = Release|Any CPU
		{67697DC4-5B66-4978-87B2-2D30817E4508}.Debug|Any CPU.ActiveCfg = Debug|Any CPU
		{67697DC4-5B66-4978-87B2-2D30817E4508}.Debug|Any CPU.Build.0 = Debug|Any CPU
		{67697DC4-5B66-4978-87B2-2D30817E4508}.Release|Any CPU.ActiveCfg = Release|Any CPU
		{67697DC4-5B66-4978-87B2-2D30817E4508}.Release|Any CPU.Build.0 = Release|Any CPU
		{2D990114-9E9D-4842-A98E-129A173AAF94}.Debug|Any CPU.ActiveCfg = Debug|Any CPU
		{2D990114-9E9D-4842-A98E-129A173AAF94}.Debug|Any CPU.Build.0 = Debug|Any CPU
		{2D990114-9E9D-4842-A98E-129A173AAF94}.Release|Any CPU.ActiveCfg = Release|Any CPU
		{2D990114-9E9D-4842-A98E-129A173AAF94}.Release|Any CPU.Build.0 = Release|Any CPU
		{C8D4281B-8291-4ACD-A6AE-42508EA88C8F}.Debug|Any CPU.ActiveCfg = Debug|Any CPU
		{C8D4281B-8291-4ACD-A6AE-42508EA88C8F}.Debug|Any CPU.Build.0 = Debug|Any CPU
		{C8D4281B-8291-4ACD-A6AE-42508EA88C8F}.Release|Any CPU.ActiveCfg = Release|Any CPU
		{C8D4281B-8291-4ACD-A6AE-42508EA88C8F}.Release|Any CPU.Build.0 = Release|Any CPU
		{C49D44AB-AC0E-4507-9279-013E4F578AE0}.Debug|Any CPU.ActiveCfg = Debug|Any CPU
		{C49D44AB-AC0E-4507-9279-013E4F578AE0}.Debug|Any CPU.Build.0 = Debug|Any CPU
		{C49D44AB-AC0E-4507-9279-013E4F578AE0}.Release|Any CPU.ActiveCfg = Release|Any CPU
		{C49D44AB-AC0E-4507-9279-013E4F578AE0}.Release|Any CPU.Build.0 = Release|Any CPU
		{2752987B-1300-4CC6-87A7-28B5129C13DE}.Debug|Any CPU.ActiveCfg = Debug|Any CPU
		{2752987B-1300-4CC6-87A7-28B5129C13DE}.Debug|Any CPU.Build.0 = Debug|Any CPU
		{2752987B-1300-4CC6-87A7-28B5129C13DE}.Release|Any CPU.ActiveCfg = Release|Any CPU
		{2752987B-1300-4CC6-87A7-28B5129C13DE}.Release|Any CPU.Build.0 = Release|Any CPU
		{55F04FE2-094E-4DD6-B3EC-24D1B2C059EB}.Debug|Any CPU.ActiveCfg = Debug|Any CPU
		{55F04FE2-094E-4DD6-B3EC-24D1B2C059EB}.Debug|Any CPU.Build.0 = Debug|Any CPU
		{55F04FE2-094E-4DD6-B3EC-24D1B2C059EB}.Release|Any CPU.ActiveCfg = Release|Any CPU
		{55F04FE2-094E-4DD6-B3EC-24D1B2C059EB}.Release|Any CPU.Build.0 = Release|Any CPU
		{BFCF0C49-47FD-4034-8B63-1210B9B451D5}.Debug|Any CPU.ActiveCfg = Debug|Any CPU
		{BFCF0C49-47FD-4034-8B63-1210B9B451D5}.Debug|Any CPU.Build.0 = Debug|Any CPU
		{BFCF0C49-47FD-4034-8B63-1210B9B451D5}.Release|Any CPU.ActiveCfg = Release|Any CPU
		{BFCF0C49-47FD-4034-8B63-1210B9B451D5}.Release|Any CPU.Build.0 = Release|Any CPU
		{A9B5B8C4-AFE0-435E-8726-5C1B402DDE99}.Debug|Any CPU.ActiveCfg = Debug|Any CPU
		{A9B5B8C4-AFE0-435E-8726-5C1B402DDE99}.Debug|Any CPU.Build.0 = Debug|Any CPU
		{A9B5B8C4-AFE0-435E-8726-5C1B402DDE99}.Release|Any CPU.ActiveCfg = Release|Any CPU
		{A9B5B8C4-AFE0-435E-8726-5C1B402DDE99}.Release|Any CPU.Build.0 = Release|Any CPU
		{985B34E5-AE54-4AF6-BE7E-EA573C53EABB}.Debug|Any CPU.ActiveCfg = Debug|Any CPU
		{985B34E5-AE54-4AF6-BE7E-EA573C53EABB}.Debug|Any CPU.Build.0 = Debug|Any CPU
		{985B34E5-AE54-4AF6-BE7E-EA573C53EABB}.Release|Any CPU.ActiveCfg = Release|Any CPU
		{985B34E5-AE54-4AF6-BE7E-EA573C53EABB}.Release|Any CPU.Build.0 = Release|Any CPU
		{68AC654B-BEFE-4072-BFDC-786F0DB69B32}.Debug|Any CPU.ActiveCfg = Debug|Any CPU
		{68AC654B-BEFE-4072-BFDC-786F0DB69B32}.Debug|Any CPU.Build.0 = Debug|Any CPU
		{68AC654B-BEFE-4072-BFDC-786F0DB69B32}.Release|Any CPU.ActiveCfg = Release|Any CPU
		{68AC654B-BEFE-4072-BFDC-786F0DB69B32}.Release|Any CPU.Build.0 = Release|Any CPU
		{25F4D7BA-3EE8-4961-9D03-50EB5173DD1B}.Debug|Any CPU.ActiveCfg = Debug|Any CPU
		{25F4D7BA-3EE8-4961-9D03-50EB5173DD1B}.Debug|Any CPU.Build.0 = Debug|Any CPU
		{25F4D7BA-3EE8-4961-9D03-50EB5173DD1B}.Release|Any CPU.ActiveCfg = Release|Any CPU
		{25F4D7BA-3EE8-4961-9D03-50EB5173DD1B}.Release|Any CPU.Build.0 = Release|Any CPU
		{4510C297-7208-4B67-8DBF-EEF0BD92AA6D}.Debug|Any CPU.ActiveCfg = Debug|Any CPU
		{4510C297-7208-4B67-8DBF-EEF0BD92AA6D}.Debug|Any CPU.Build.0 = Debug|Any CPU
		{4510C297-7208-4B67-8DBF-EEF0BD92AA6D}.Release|Any CPU.ActiveCfg = Release|Any CPU
		{4510C297-7208-4B67-8DBF-EEF0BD92AA6D}.Release|Any CPU.Build.0 = Release|Any CPU
		{0971BACA-7D86-4593-B4C6-00CF1F8F95D5}.Debug|Any CPU.ActiveCfg = Debug|Any CPU
		{0971BACA-7D86-4593-B4C6-00CF1F8F95D5}.Debug|Any CPU.Build.0 = Debug|Any CPU
		{0971BACA-7D86-4593-B4C6-00CF1F8F95D5}.Release|Any CPU.ActiveCfg = Release|Any CPU
		{0971BACA-7D86-4593-B4C6-00CF1F8F95D5}.Release|Any CPU.Build.0 = Release|Any CPU
		{8DC91896-71D8-4509-A629-1BC80C51F03F}.Debug|Any CPU.ActiveCfg = Debug|Any CPU
		{8DC91896-71D8-4509-A629-1BC80C51F03F}.Debug|Any CPU.Build.0 = Debug|Any CPU
		{8DC91896-71D8-4509-A629-1BC80C51F03F}.Release|Any CPU.ActiveCfg = Release|Any CPU
		{8DC91896-71D8-4509-A629-1BC80C51F03F}.Release|Any CPU.Build.0 = Release|Any CPU
		{4985DA3D-7B6C-4048-A36F-0B1028482EAE}.Debug|Any CPU.ActiveCfg = Debug|Any CPU
		{4985DA3D-7B6C-4048-A36F-0B1028482EAE}.Debug|Any CPU.Build.0 = Debug|Any CPU
		{4985DA3D-7B6C-4048-A36F-0B1028482EAE}.Release|Any CPU.ActiveCfg = Release|Any CPU
		{4985DA3D-7B6C-4048-A36F-0B1028482EAE}.Release|Any CPU.Build.0 = Release|Any CPU
		{1C808839-355A-4639-9C9C-9433348952C5}.Debug|Any CPU.ActiveCfg = Debug|Any CPU
		{1C808839-355A-4639-9C9C-9433348952C5}.Debug|Any CPU.Build.0 = Debug|Any CPU
		{1C808839-355A-4639-9C9C-9433348952C5}.Release|Any CPU.ActiveCfg = Release|Any CPU
		{1C808839-355A-4639-9C9C-9433348952C5}.Release|Any CPU.Build.0 = Release|Any CPU
		{80D0423B-C7F4-49CD-AB82-1990958BD64D}.Debug|Any CPU.ActiveCfg = Debug|Any CPU
		{80D0423B-C7F4-49CD-AB82-1990958BD64D}.Debug|Any CPU.Build.0 = Debug|Any CPU
		{80D0423B-C7F4-49CD-AB82-1990958BD64D}.Release|Any CPU.ActiveCfg = Release|Any CPU
		{80D0423B-C7F4-49CD-AB82-1990958BD64D}.Release|Any CPU.Build.0 = Release|Any CPU
		{360E5391-6EAA-4985-9419-744BFE587817}.Debug|Any CPU.ActiveCfg = Debug|Any CPU
		{360E5391-6EAA-4985-9419-744BFE587817}.Debug|Any CPU.Build.0 = Debug|Any CPU
		{360E5391-6EAA-4985-9419-744BFE587817}.Release|Any CPU.ActiveCfg = Release|Any CPU
		{360E5391-6EAA-4985-9419-744BFE587817}.Release|Any CPU.Build.0 = Release|Any CPU
		{D465A97C-F63D-41D3-B12B-DEF1932A76B9}.Debug|Any CPU.ActiveCfg = Debug|Any CPU
		{D465A97C-F63D-41D3-B12B-DEF1932A76B9}.Debug|Any CPU.Build.0 = Debug|Any CPU
		{D465A97C-F63D-41D3-B12B-DEF1932A76B9}.Release|Any CPU.ActiveCfg = Release|Any CPU
		{D465A97C-F63D-41D3-B12B-DEF1932A76B9}.Release|Any CPU.Build.0 = Release|Any CPU
		{BF2100C2-DE95-4AB2-AC1C-1103A3ECF52C}.Debug|Any CPU.ActiveCfg = Debug|Any CPU
		{BF2100C2-DE95-4AB2-AC1C-1103A3ECF52C}.Debug|Any CPU.Build.0 = Debug|Any CPU
		{BF2100C2-DE95-4AB2-AC1C-1103A3ECF52C}.Release|Any CPU.ActiveCfg = Release|Any CPU
		{BF2100C2-DE95-4AB2-AC1C-1103A3ECF52C}.Release|Any CPU.Build.0 = Release|Any CPU
		{80704DC7-5E80-49D8-98DC-79BC1C776EDA}.Debug|Any CPU.ActiveCfg = Debug|Any CPU
		{80704DC7-5E80-49D8-98DC-79BC1C776EDA}.Debug|Any CPU.Build.0 = Debug|Any CPU
		{80704DC7-5E80-49D8-98DC-79BC1C776EDA}.Release|Any CPU.ActiveCfg = Release|Any CPU
		{80704DC7-5E80-49D8-98DC-79BC1C776EDA}.Release|Any CPU.Build.0 = Release|Any CPU
		{E18D4B06-43C0-4393-9C4F-BD317728BE7C}.Debug|Any CPU.ActiveCfg = Debug|Any CPU
		{E18D4B06-43C0-4393-9C4F-BD317728BE7C}.Debug|Any CPU.Build.0 = Debug|Any CPU
		{E18D4B06-43C0-4393-9C4F-BD317728BE7C}.Release|Any CPU.ActiveCfg = Release|Any CPU
		{E18D4B06-43C0-4393-9C4F-BD317728BE7C}.Release|Any CPU.Build.0 = Release|Any CPU
		{7DA17D12-01A4-4860-9CAA-DC83674DFA27}.Debug|Any CPU.ActiveCfg = Debug|Any CPU
		{7DA17D12-01A4-4860-9CAA-DC83674DFA27}.Debug|Any CPU.Build.0 = Debug|Any CPU
		{7DA17D12-01A4-4860-9CAA-DC83674DFA27}.Release|Any CPU.ActiveCfg = Release|Any CPU
		{7DA17D12-01A4-4860-9CAA-DC83674DFA27}.Release|Any CPU.Build.0 = Release|Any CPU
		{0AFAA2F5-FCD4-4CCF-8AEA-7DA1B0849562}.Debug|Any CPU.ActiveCfg = Debug|Any CPU
		{0AFAA2F5-FCD4-4CCF-8AEA-7DA1B0849562}.Debug|Any CPU.Build.0 = Debug|Any CPU
		{0AFAA2F5-FCD4-4CCF-8AEA-7DA1B0849562}.Release|Any CPU.ActiveCfg = Release|Any CPU
		{0AFAA2F5-FCD4-4CCF-8AEA-7DA1B0849562}.Release|Any CPU.Build.0 = Release|Any CPU
		{7E23665A-1A02-46DB-9ABC-E9FA1D8862E6}.Debug|Any CPU.ActiveCfg = Debug|Any CPU
		{7E23665A-1A02-46DB-9ABC-E9FA1D8862E6}.Debug|Any CPU.Build.0 = Debug|Any CPU
		{7E23665A-1A02-46DB-9ABC-E9FA1D8862E6}.Release|Any CPU.ActiveCfg = Release|Any CPU
		{7E23665A-1A02-46DB-9ABC-E9FA1D8862E6}.Release|Any CPU.Build.0 = Release|Any CPU
		{92333B43-AEE5-42E8-827D-7912CFE968AA}.Debug|Any CPU.ActiveCfg = Debug|Any CPU
		{92333B43-AEE5-42E8-827D-7912CFE968AA}.Debug|Any CPU.Build.0 = Debug|Any CPU
		{92333B43-AEE5-42E8-827D-7912CFE968AA}.Release|Any CPU.ActiveCfg = Release|Any CPU
		{92333B43-AEE5-42E8-827D-7912CFE968AA}.Release|Any CPU.Build.0 = Release|Any CPU
		{6DC28611-FF5E-4C51-852A-19F841E8CCC1}.Debug|Any CPU.ActiveCfg = Debug|Any CPU
		{6DC28611-FF5E-4C51-852A-19F841E8CCC1}.Debug|Any CPU.Build.0 = Debug|Any CPU
		{6DC28611-FF5E-4C51-852A-19F841E8CCC1}.Release|Any CPU.ActiveCfg = Release|Any CPU
		{6DC28611-FF5E-4C51-852A-19F841E8CCC1}.Release|Any CPU.Build.0 = Release|Any CPU
		{3535B05B-68FE-47C7-90BC-103B7F0DA7AB}.Debug|Any CPU.ActiveCfg = Debug|Any CPU
		{3535B05B-68FE-47C7-90BC-103B7F0DA7AB}.Debug|Any CPU.Build.0 = Debug|Any CPU
		{3535B05B-68FE-47C7-90BC-103B7F0DA7AB}.Release|Any CPU.ActiveCfg = Release|Any CPU
		{3535B05B-68FE-47C7-90BC-103B7F0DA7AB}.Release|Any CPU.Build.0 = Release|Any CPU
		{0E771D73-C4FA-4F42-82CC-A3B84557FF54}.Debug|Any CPU.ActiveCfg = Debug|Any CPU
		{0E771D73-C4FA-4F42-82CC-A3B84557FF54}.Debug|Any CPU.Build.0 = Debug|Any CPU
		{0E771D73-C4FA-4F42-82CC-A3B84557FF54}.Release|Any CPU.ActiveCfg = Release|Any CPU
		{0E771D73-C4FA-4F42-82CC-A3B84557FF54}.Release|Any CPU.Build.0 = Release|Any CPU
		{C5BE5A22-5711-4DE3-BFAD-F78E77C8D220}.Debug|Any CPU.ActiveCfg = Debug|Any CPU
		{C5BE5A22-5711-4DE3-BFAD-F78E77C8D220}.Debug|Any CPU.Build.0 = Debug|Any CPU
		{C5BE5A22-5711-4DE3-BFAD-F78E77C8D220}.Release|Any CPU.ActiveCfg = Release|Any CPU
		{C5BE5A22-5711-4DE3-BFAD-F78E77C8D220}.Release|Any CPU.Build.0 = Release|Any CPU
		{915523DE-1F9F-4E99-80C6-ECC0C2AED322}.Debug|Any CPU.ActiveCfg = Debug|Any CPU
		{915523DE-1F9F-4E99-80C6-ECC0C2AED322}.Debug|Any CPU.Build.0 = Debug|Any CPU
		{915523DE-1F9F-4E99-80C6-ECC0C2AED322}.Release|Any CPU.ActiveCfg = Release|Any CPU
		{915523DE-1F9F-4E99-80C6-ECC0C2AED322}.Release|Any CPU.Build.0 = Release|Any CPU
		{F617DB5F-D84E-4D1F-B3E3-509ED2B2D62A}.Debug|Any CPU.ActiveCfg = Debug|Any CPU
		{F617DB5F-D84E-4D1F-B3E3-509ED2B2D62A}.Debug|Any CPU.Build.0 = Debug|Any CPU
		{F617DB5F-D84E-4D1F-B3E3-509ED2B2D62A}.Release|Any CPU.ActiveCfg = Release|Any CPU
		{F617DB5F-D84E-4D1F-B3E3-509ED2B2D62A}.Release|Any CPU.Build.0 = Release|Any CPU
		{3ADD11D9-32F2-4DBB-BD4A-A3FBFC17860A}.Debug|Any CPU.ActiveCfg = Debug|Any CPU
		{3ADD11D9-32F2-4DBB-BD4A-A3FBFC17860A}.Debug|Any CPU.Build.0 = Debug|Any CPU
		{3ADD11D9-32F2-4DBB-BD4A-A3FBFC17860A}.Release|Any CPU.ActiveCfg = Release|Any CPU
		{3ADD11D9-32F2-4DBB-BD4A-A3FBFC17860A}.Release|Any CPU.Build.0 = Release|Any CPU
		{D77103BE-D3B3-495E-988E-52236BED6D47}.Debug|Any CPU.ActiveCfg = Debug|Any CPU
		{D77103BE-D3B3-495E-988E-52236BED6D47}.Debug|Any CPU.Build.0 = Debug|Any CPU
		{D77103BE-D3B3-495E-988E-52236BED6D47}.Release|Any CPU.ActiveCfg = Release|Any CPU
		{D77103BE-D3B3-495E-988E-52236BED6D47}.Release|Any CPU.Build.0 = Release|Any CPU
		{B2F22FA6-E3CD-4CAA-B9D3-E4D50C5404B9}.Debug|Any CPU.ActiveCfg = Debug|Any CPU
		{B2F22FA6-E3CD-4CAA-B9D3-E4D50C5404B9}.Debug|Any CPU.Build.0 = Debug|Any CPU
		{B2F22FA6-E3CD-4CAA-B9D3-E4D50C5404B9}.Release|Any CPU.ActiveCfg = Release|Any CPU
		{B2F22FA6-E3CD-4CAA-B9D3-E4D50C5404B9}.Release|Any CPU.Build.0 = Release|Any CPU
		{2B99E61E-F004-4602-B776-8AE142309B79}.Debug|Any CPU.ActiveCfg = Debug|Any CPU
		{2B99E61E-F004-4602-B776-8AE142309B79}.Debug|Any CPU.Build.0 = Debug|Any CPU
		{2B99E61E-F004-4602-B776-8AE142309B79}.Release|Any CPU.ActiveCfg = Release|Any CPU
		{2B99E61E-F004-4602-B776-8AE142309B79}.Release|Any CPU.Build.0 = Release|Any CPU
		{BDC4E377-A415-43E3-8F41-0AA146B37E24}.Debug|Any CPU.ActiveCfg = Debug|Any CPU
		{BDC4E377-A415-43E3-8F41-0AA146B37E24}.Debug|Any CPU.Build.0 = Debug|Any CPU
		{BDC4E377-A415-43E3-8F41-0AA146B37E24}.Release|Any CPU.ActiveCfg = Release|Any CPU
		{BDC4E377-A415-43E3-8F41-0AA146B37E24}.Release|Any CPU.Build.0 = Release|Any CPU
		{7E12FF57-80EF-47D1-96CE-7B997B728989}.Debug|Any CPU.ActiveCfg = Debug|Any CPU
		{7E12FF57-80EF-47D1-96CE-7B997B728989}.Debug|Any CPU.Build.0 = Debug|Any CPU
		{7E12FF57-80EF-47D1-96CE-7B997B728989}.Release|Any CPU.ActiveCfg = Release|Any CPU
		{7E12FF57-80EF-47D1-96CE-7B997B728989}.Release|Any CPU.Build.0 = Release|Any CPU
		{A5895A2C-ABDB-4546-82C4-7007FBC42792}.Debug|Any CPU.ActiveCfg = Debug|Any CPU
		{A5895A2C-ABDB-4546-82C4-7007FBC42792}.Debug|Any CPU.Build.0 = Debug|Any CPU
		{A5895A2C-ABDB-4546-82C4-7007FBC42792}.Release|Any CPU.ActiveCfg = Release|Any CPU
		{A5895A2C-ABDB-4546-82C4-7007FBC42792}.Release|Any CPU.Build.0 = Release|Any CPU
		{A2E3A90D-0111-4952-9038-1E263B9BFD90}.Debug|Any CPU.ActiveCfg = Debug|Any CPU
		{A2E3A90D-0111-4952-9038-1E263B9BFD90}.Debug|Any CPU.Build.0 = Debug|Any CPU
		{A2E3A90D-0111-4952-9038-1E263B9BFD90}.Release|Any CPU.ActiveCfg = Release|Any CPU
		{A2E3A90D-0111-4952-9038-1E263B9BFD90}.Release|Any CPU.Build.0 = Release|Any CPU
	EndGlobalSection
	GlobalSection(SolutionProperties) = preSolution
		HideSolutionNode = FALSE
	EndGlobalSection
	GlobalSection(ExtensibilityGlobals) = postSolution
		SolutionGuid = {33F57333-DBD1-451A-AFF3-D1654D532E46}
	EndGlobalSection
EndGlobal
